{
    "_readme": [
        "This file locks the dependencies of your project to a known state",
        "Read more about it at https://getcomposer.org/doc/01-basic-usage.md#installing-dependencies",
        "This file is @generated automatically"
    ],
    "content-hash": "5d594255b6a1f41bdb019bb6ec3691d8",
    "packages": [
        {
            "name": "symfony/asset",
            "version": "v6.4.13",
            "source": {
                "type": "git",
                "url": "https://github.com/symfony/asset.git",
                "reference": "2466c17d61d14539cddf77e57ebb9cc971185302"
            },
            "dist": {
                "type": "zip",
                "url": "https://api.github.com/repos/symfony/asset/zipball/2466c17d61d14539cddf77e57ebb9cc971185302",
                "reference": "2466c17d61d14539cddf77e57ebb9cc971185302",
                "shasum": ""
            },
            "require": {
                "php": ">=8.1"
            },
            "conflict": {
                "symfony/http-foundation": "<5.4"
            },
            "require-dev": {
                "symfony/http-client": "^5.4|^6.0|^7.0",
                "symfony/http-foundation": "^5.4|^6.0|^7.0",
                "symfony/http-kernel": "^5.4|^6.0|^7.0"
            },
            "type": "library",
            "autoload": {
                "psr-4": {
                    "Symfony\\Component\\Asset\\": ""
                },
                "exclude-from-classmap": [
                    "/Tests/"
                ]
            },
            "notification-url": "https://packagist.org/downloads/",
            "license": [
                "MIT"
            ],
            "authors": [
                {
                    "name": "Fabien Potencier",
                    "email": "fabien@symfony.com"
                },
                {
                    "name": "Symfony Community",
                    "homepage": "https://symfony.com/contributors"
                }
            ],
            "description": "Manages URL generation and versioning of web assets such as CSS stylesheets, JavaScript files and image files",
            "homepage": "https://symfony.com",
            "support": {
                "source": "https://github.com/symfony/asset/tree/v6.4.13"
            },
            "funding": [
                {
                    "url": "https://symfony.com/sponsor",
                    "type": "custom"
                },
                {
                    "url": "https://github.com/fabpot",
                    "type": "github"
                },
                {
                    "url": "https://tidelift.com/funding/github/packagist/symfony/symfony",
                    "type": "tidelift"
                }
            ],
            "time": "2024-10-25T15:07:50+00:00"
        }
    ],
    "packages-dev": [],
    "aliases": [],
    "minimum-stability": "stable",
    "stability-flags": [],
    "prefer-stable": false,
    "prefer-lowest": false,
    "platform": [],
    "platform-dev": [],
    "plugin-api-version": "2.6.0"
}
